
Microsoft Visual Studio Solution File, Format Version 12.00
# Visual Studio Version 17
VisualStudioVersion = 17.0.31903.59
MinimumVisualStudioVersion = 10.0.40219.1
Project("{FAE04EC0-301F-11D3-BF4B-00C04F79EFBC}") = "EnterprisePOS.Core", "EnterprisePOS.Core\EnterprisePOS.Core.csproj", "{EE9B69A3-1494-4A1B-B1BA-56AEBF261C42}"
EndProject
Project("{FAE04EC0-301F-11D3-BF4B-00C04F79EFBC}") = "EnterprisePOS.Data", "EnterprisePOS.Data\EnterprisePOS.Data.csproj", "{0BF085F7-AC9D-4999-BBC8-4B548131A680}"
EndProject
Project("{FAE04EC0-301F-11D3-BF4B-00C04F79EFBC}") = "EnterprisePOS.Services", "EnterprisePOS.Services\EnterprisePOS.Services.csproj", "{F1316326-5895-452A-80F3-A7FBEE6374CC}"
EndProject
Project("{FAE04EC0-301F-11D3-BF4B-00C04F79EFBC}") = "EnterprisePOS.UI", "EnterprisePOS.UI\EnterprisePOS.UI.csproj", "{6D00F33B-2185-4277-8663-30694D4FF1E3}"
EndProject
Global
	GlobalSection(SolutionConfigurationPlatforms) = preSolution
		Debug|Any CPU = Debug|Any CPU
		Debug|x64 = Debug|x64
		Debug|x86 = Debug|x86
		Release|Any CPU = Release|Any CPU
		Release|x64 = Release|x64
		Release|x86 = Release|x86
	EndGlobalSection
	GlobalSection(ProjectConfigurationPlatforms) = postSolution
		{EE9B69A3-1494-4A1B-B1BA-56AEBF261C42}.Debug|Any CPU.ActiveCfg = Debug|Any CPU
		{EE9B69A3-1494-4A1B-B1BA-56AEBF261C42}.Debug|Any CPU.Build.0 = Debug|Any CPU
		{EE9B69A3-1494-4A1B-B1BA-56AEBF261C42}.Debug|x64.ActiveCfg = Debug|Any CPU
		{EE9B69A3-1494-4A1B-B1BA-56AEBF261C42}.Debug|x64.Build.0 = Debug|Any CPU
		{EE9B69A3-1494-4A1B-B1BA-56AEBF261C42}.Debug|x86.ActiveCfg = Debug|Any CPU
		{EE9B69A3-1494-4A1B-B1BA-56AEBF261C42}.Debug|x86.Build.0 = Debug|Any CPU
		{EE9B69A3-1494-4A1B-B1BA-56AEBF261C42}.Release|Any CPU.ActiveCfg = Release|Any CPU
		{EE9B69A3-1494-4A1B-B1BA-56AEBF261C42}.Release|Any CPU.Build.0 = Release|Any CPU
		{EE9B69A3-1494-4A1B-B1BA-56AEBF261C42}.Release|x64.ActiveCfg = Release|Any CPU
		{EE9B69A3-1494-4A1B-B1BA-56AEBF261C42}.Release|x64.Build.0 = Release|Any CPU
		{EE9B69A3-1494-4A1B-B1BA-56AEBF261C42}.Release|x86.ActiveCfg = Release|Any CPU
		{EE9B69A3-1494-4A1B-B1BA-56AEBF261C42}.Release|x86.Build.0 = Release|Any CPU
		{0BF085F7-AC9D-4999-BBC8-4B548131A680}.Debug|Any CPU.ActiveCfg = Debug|Any CPU
		{0BF085F7-AC9D-4999-BBC8-4B548131A680}.Debug|Any CPU.Build.0 = Debug|Any CPU
		{0BF085F7-AC9D-4999-BBC8-4B548131A680}.Debug|x64.ActiveCfg = Debug|Any CPU
		{0BF085F7-AC9D-4999-BBC8-4B548131A680}.Debug|x64.Build.0 = Debug|Any CPU
		{0BF085F7-AC9D-4999-BBC8-4B548131A680}.Debug|x86.ActiveCfg = Debug|Any CPU
		{0BF085F7-AC9D-4999-BBC8-4B548131A680}.Debug|x86.Build.0 = Debug|Any CPU
		{0BF085F7-AC9D-4999-BBC8-4B548131A680}.Release|Any CPU.ActiveCfg = Release|Any CPU
		{0BF085F7-AC9D-4999-BBC8-4B548131A680}.Release|Any CPU.Build.0 = Release|Any CPU
		{0BF085F7-AC9D-4999-BBC8-4B548131A680}.Release|x64.ActiveCfg = Release|Any CPU
		{0BF085F7-AC9D-4999-BBC8-4B548131A680}.Release|x64.Build.0 = Release|Any CPU
		{0BF085F7-AC9D-4999-BBC8-4B548131A680}.Release|x86.ActiveCfg = Release|Any CPU
		{0BF085F7-AC9D-4999-BBC8-4B548131A680}.Release|x86.Build.0 = Release|Any CPU
		{F1316326-5895-452A-80F3-A7FBEE6374CC}.Debug|Any CPU.ActiveCfg = Debug|Any CPU
		{F1316326-5895-452A-80F3-A7FBEE6374CC}.Debug|Any CPU.Build.0 = Debug|Any CPU
		{F1316326-5895-452A-80F3-A7FBEE6374CC}.Debug|x64.ActiveCfg = Debug|Any CPU
		{F1316326-5895-452A-80F3-A7FBEE6374CC}.Debug|x64.Build.0 = Debug|Any CPU
		{F1316326-5895-452A-80F3-A7FBEE6374CC}.Debug|x86.ActiveCfg = Debug|Any CPU
		{F1316326-5895-452A-80F3-A7FBEE6374CC}.Debug|x86.Build.0 = Debug|Any CPU
		{F1316326-5895-452A-80F3-A7FBEE6374CC}.Release|Any CPU.ActiveCfg = Release|Any CPU
		{F1316326-5895-452A-80F3-A7FBEE6374CC}.Release|Any CPU.Build.0 = Release|Any CPU
		{F1316326-5895-452A-80F3-A7FBEE6374CC}.Release|x64.ActiveCfg = Release|Any CPU
		{F1316326-5895-452A-80F3-A7FBEE6374CC}.Release|x64.Build.0 = Release|Any CPU
		{F1316326-5895-452A-80F3-A7FBEE6374CC}.Release|x86.ActiveCfg = Release|Any CPU
		{F1316326-5895-452A-80F3-A7FBEE6374CC}.Release|x86.Build.0 = Release|Any CPU
		{6D00F33B-2185-4277-8663-30694D4FF1E3}.Debug|Any CPU.ActiveCfg = Debug|Any CPU
		{6D00F33B-2185-4277-8663-30694D4FF1E3}.Debug|Any CPU.Build.0 = Debug|Any CPU
		{6D00F33B-2185-4277-8663-30694D4FF1E3}.Debug|x64.ActiveCfg = Debug|Any CPU
		{6D00F33B-2185-4277-8663-30694D4FF1E3}.Debug|x64.Build.0 = Debug|Any CPU
		{6D00F33B-2185-4277-8663-30694D4FF1E3}.Debug|x86.ActiveCfg = Debug|Any CPU
		{6D00F33B-2185-4277-8663-30694D4FF1E3}.Debug|x86.Build.0 = Debug|Any CPU
		{6D00F33B-2185-4277-8663-30694D4FF1E3}.Release|Any CPU.ActiveCfg = Release|Any CPU
		{6D00F33B-2185-4277-8663-30694D4FF1E3}.Release|Any CPU.Build.0 = Release|Any CPU
		{6D00F33B-2185-4277-8663-30694D4FF1E3}.Release|x64.ActiveCfg = Release|Any CPU
		{6D00F33B-2185-4277-8663-30694D4FF1E3}.Release|x64.Build.0 = Release|Any CPU
		{6D00F33B-2185-4277-8663-30694D4FF1E3}.Release|x86.ActiveCfg = Release|Any CPU
		{6D00F33B-2185-4277-8663-30694D4FF1E3}.Release|x86.Build.0 = Release|Any CPU
	EndGlobalSection
	GlobalSection(SolutionProperties) = preSolution
		HideSolutionNode = FALSE
	EndGlobalSection
EndGlobal
